
Microsoft Visual Studio Solution File, Format Version 12.00
# Visual Studio Version 17
VisualStudioVersion = 17.2.32616.157
MinimumVisualStudioVersion = 10.0.40219.1
Project("{9A19103F-16F7-4668-BE54-9A1E7A4F7556}") = "Hua.DotNet.Code", "Hua.DotNet.Code\Hua.DotNet.Code.csproj", "{D33A6712-16D9-47F1-A32B-9DABD1B5EF06}"
EndProject
Project("{9A19103F-16F7-4668-BE54-9A1E7A4F7556}") = "Hua.DotNet.Code.Test", "Hua.DotNet.Code.Test\Hua.DotNet.Code.Test.csproj", "{6DD7332E-6511-48AA-A6DE-D741239C3359}"
EndProject
Global
	GlobalSection(SolutionConfigurationPlatforms) = preSolution
		Debug|Any CPU = Debug|Any CPU
		Release|Any CPU = Release|Any CPU
	EndGlobalSection
	GlobalSection(ProjectConfigurationPlatforms) = postSolution
		{D33A6712-16D9-47F1-A32B-9DABD1B5EF06}.Debug|Any CPU.ActiveCfg = Debug|Any CPU
		{D33A6712-16D9-47F1-A32B-9DABD1B5EF06}.Debug|Any CPU.Build.0 = Debug|Any CPU
		{D33A6712-16D9-47F1-A32B-9DABD1B5EF06}.Release|Any CPU.ActiveCfg = Release|Any CPU
		{D33A6712-16D9-47F1-A32B-9DABD1B5EF06}.Release|Any CPU.Build.0 = Release|Any CPU
		{6DD7332E-6511-48AA-A6DE-D741239C3359}.Debug|Any CPU.ActiveCfg = Debug|Any CPU
		{6DD7332E-6511-48AA-A6DE-D741239C3359}.Debug|Any CPU.Build.0 = Debug|Any CPU
		{6DD7332E-6511-48AA-A6DE-D741239C3359}.Release|Any CPU.ActiveCfg = Release|Any CPU
		{6DD7332E-6511-48AA-A6DE-D741239C3359}.Release|Any CPU.Build.0 = Release|Any CPU
	EndGlobalSection
	GlobalSection(SolutionProperties) = preSolution
		HideSolutionNode = FALSE
	EndGlobalSection
	GlobalSection(ExtensibilityGlobals) = postSolution
		SolutionGuid = {3D281FCD-8B8C-4C04-B360-D23F2D1B95B0}
	EndGlobalSection
EndGlobal
